{
  "requires": true,
  "lockfileVersion": 1,
  "dependencies": {
    "@pnotify/bootstrap3": {
      "version": "5.1.2",
      "resolved": "https://registry.npmjs.org/@pnotify/bootstrap3/-/bootstrap3-5.1.2.tgz",
      "integrity": "sha512-Ag1ZbSbrmjMM+ybEfDETIdgBZUlperWuFXLtHMK7yJqa1dJ/Gd25rBRyphIgbsdQ5U3cm6aMCfSd6duEekQYWw==",
      "dev": true,
      "requires": {
        "@pnotify/core": "^5.1.2"
      }
    },
    "@pnotify/core": {
      "version": "5.1.2",
      "resolved": "https://registry.npmjs.org/@pnotify/core/-/core-5.1.2.tgz",
      "integrity": "sha512-YMy9lQUkwzjIiRS+CjwrsyaQF4MzzX5HGIlZnAIfRnmPRKOfE0oR9UAN+v6ZM476T7jo3DVt2XYu/PVveBG7PQ=="
    },
    "@pnotify/glyphicon": {
      "version": "5.1.2",
      "resolved": "https://registry.npmjs.org/@pnotify/glyphicon/-/glyphicon-5.1.2.tgz",
      "integrity": "sha512-eOpVFf+ZvgEiLe8C6YCokpF5T/9+2T7pYotadmf9rdHuQugZU6N/7XZg9cY/Nln/nup8QstJCI1GPgKR9wiNpg==",
      "dev": true,
      "requires": {
        "@pnotify/core": "^5.1.2"
      }
    }
  }
}
